
Microsoft Visual Studio Solution File, Format Version 9.00
# Visual Studio 2005
Project("{8BC9CEB8-8B4A-11D0-8D11-00A0C91BC942}") = "axis2_parser", "axis2_parser\axis2_parser.vcproj", "{D7D7FBA1-5E43-4586-8F69-D4ED2628D2D8}"
	ProjectSection(ProjectDependencies) = postProject
		{3887B3E3-1A45-40E5-BC95-9C51000C86DB} = {3887B3E3-1A45-40E5-BC95-9C51000C86DB}
	EndProjectSection
EndProject
Project("{8BC9CEB8-8B4A-11D0-8D11-00A0C91BC942}") = "axiom", "axiom\axiom.vcproj", "{7C816A64-FA96-4C6C-8DB0-5256441F54BC}"
	ProjectSection(ProjectDependencies) = postProject
		{3887B3E3-1A45-40E5-BC95-9C51000C86DB} = {3887B3E3-1A45-40E5-BC95-9C51000C86DB}
		{D7D7FBA1-5E43-4586-8F69-D4ED2628D2D8} = {D7D7FBA1-5E43-4586-8F69-D4ED2628D2D8}
	EndProjectSection
EndProject
Project("{8BC9CEB8-8B4A-11D0-8D11-00A0C91BC942}") = "axis2_engine", "axis2_engine\axis2_engine.vcproj", "{9524B8C5-79D9-4470-9A47-8BD163ABBB15}"
	ProjectSection(ProjectDependencies) = postProject
		{3887B3E3-1A45-40E5-BC95-9C51000C86DB} = {3887B3E3-1A45-40E5-BC95-9C51000C86DB}
		{D7D7FBA1-5E43-4586-8F69-D4ED2628D2D8} = {D7D7FBA1-5E43-4586-8F69-D4ED2628D2D8}
		{7C816A64-FA96-4C6C-8DB0-5256441F54BC} = {7C816A64-FA96-4C6C-8DB0-5256441F54BC}
		{20643536-7BF0-4201-9EA6-039E6CF19ADB} = {20643536-7BF0-4201-9EA6-039E6CF19ADB}
	EndProjectSection
EndProject
Project("{8BC9CEB8-8B4A-11D0-8D11-00A0C91BC942}") = "axis2_http_server", "axis2_http_server\axis2_http_server.vcproj", "{D2975362-DEAA-41BF-AE5E-E6FCDB526726}"
	ProjectSection(ProjectDependencies) = postProject
		{3887B3E3-1A45-40E5-BC95-9C51000C86DB} = {3887B3E3-1A45-40E5-BC95-9C51000C86DB}
		{9524B8C5-79D9-4470-9A47-8BD163ABBB15} = {9524B8C5-79D9-4470-9A47-8BD163ABBB15}
		{D7D7FBA1-5E43-4586-8F69-D4ED2628D2D8} = {D7D7FBA1-5E43-4586-8F69-D4ED2628D2D8}
		{9441F689-6ED3-4FF8-9B13-2E80E391DF39} = {9441F689-6ED3-4FF8-9B13-2E80E391DF39}
		{0DEEAA74-F06D-4C60-B408-1B875B4FB338} = {0DEEAA74-F06D-4C60-B408-1B875B4FB338}
		{7C816A64-FA96-4C6C-8DB0-5256441F54BC} = {7C816A64-FA96-4C6C-8DB0-5256441F54BC}
		{20643536-7BF0-4201-9EA6-039E6CF19ADB} = {20643536-7BF0-4201-9EA6-039E6CF19ADB}
		{7332F525-8C77-4FB3-A0C0-FCEB2382F03C} = {7332F525-8C77-4FB3-A0C0-FCEB2382F03C}
	EndProjectSection
EndProject
Project("{8BC9CEB8-8B4A-11D0-8D11-00A0C91BC942}") = "axis2_mod_addr", "axis2_mod_addr\axis2_mod_addr.vcproj", "{0DEEAA74-F06D-4C60-B408-1B875B4FB338}"
	ProjectSection(ProjectDependencies) = postProject
		{3887B3E3-1A45-40E5-BC95-9C51000C86DB} = {3887B3E3-1A45-40E5-BC95-9C51000C86DB}
		{9524B8C5-79D9-4470-9A47-8BD163ABBB15} = {9524B8C5-79D9-4470-9A47-8BD163ABBB15}
		{D7D7FBA1-5E43-4586-8F69-D4ED2628D2D8} = {D7D7FBA1-5E43-4586-8F69-D4ED2628D2D8}
		{7C816A64-FA96-4C6C-8DB0-5256441F54BC} = {7C816A64-FA96-4C6C-8DB0-5256441F54BC}
		{20643536-7BF0-4201-9EA6-039E6CF19ADB} = {20643536-7BF0-4201-9EA6-039E6CF19ADB}
	EndProjectSection
EndProject
Project("{8BC9CEB8-8B4A-11D0-8D11-00A0C91BC942}") = "axis2_http_sender", "axis2_http_sender\axis2_http_sender.vcproj", "{7332F525-8C77-4FB3-A0C0-FCEB2382F03C}"
	ProjectSection(ProjectDependencies) = postProject
		{3887B3E3-1A45-40E5-BC95-9C51000C86DB} = {3887B3E3-1A45-40E5-BC95-9C51000C86DB}
		{9524B8C5-79D9-4470-9A47-8BD163ABBB15} = {9524B8C5-79D9-4470-9A47-8BD163ABBB15}
		{7C816A64-FA96-4C6C-8DB0-5256441F54BC} = {7C816A64-FA96-4C6C-8DB0-5256441F54BC}
		{20643536-7BF0-4201-9EA6-039E6CF19ADB} = {20643536-7BF0-4201-9EA6-039E6CF19ADB}
	EndProjectSection
EndProject
Project("{8BC9CEB8-8B4A-11D0-8D11-00A0C91BC942}") = "axis2_http_receiver", "axis2_http_receiver\axis2_http_receiver.vcproj", "{9441F689-6ED3-4FF8-9B13-2E80E391DF39}"
	ProjectSection(ProjectDependencies) = postProject
		{3887B3E3-1A45-40E5-BC95-9C51000C86DB} = {3887B3E3-1A45-40E5-BC95-9C51000C86DB}
		{9524B8C5-79D9-4470-9A47-8BD163ABBB15} = {9524B8C5-79D9-4470-9A47-8BD163ABBB15}
		{D7D7FBA1-5E43-4586-8F69-D4ED2628D2D8} = {D7D7FBA1-5E43-4586-8F69-D4ED2628D2D8}
		{7C816A64-FA96-4C6C-8DB0-5256441F54BC} = {7C816A64-FA96-4C6C-8DB0-5256441F54BC}
	EndProjectSection
EndProject
Project("{8BC9CEB8-8B4A-11D0-8D11-00A0C91BC942}") = "axutil", "axutil\axutil.vcproj", "{3887B3E3-1A45-40E5-BC95-9C51000C86DB}"
EndProject
Project("{2150E333-8FDC-42A3-9474-1A3956D46DE8}") = "Solution Items", "Solution Items", "{52AB54B9-4457-4E03-B892-75CC56F22B32}"
	ProjectSection(SolutionItems) = preProject
		..\..\..\build\win32\makefile = ..\..\..\build\win32\makefile
	EndProjectSection
EndProject
Project("{8BC9CEB8-8B4A-11D0-8D11-00A0C91BC942}") = "neethi", "neethi\neethi.vcproj", "{20643536-7BF0-4201-9EA6-039E6CF19ADB}"
	ProjectSection(ProjectDependencies) = postProject
		{D7D7FBA1-5E43-4586-8F69-D4ED2628D2D8} = {D7D7FBA1-5E43-4586-8F69-D4ED2628D2D8}
		{CAF3AED6-3900-4E8B-B21E-68022B955260} = {CAF3AED6-3900-4E8B-B21E-68022B955260}
		{7C816A64-FA96-4C6C-8DB0-5256441F54BC} = {7C816A64-FA96-4C6C-8DB0-5256441F54BC}
		{3887B3E3-1A45-40E5-BC95-9C51000C86DB} = {3887B3E3-1A45-40E5-BC95-9C51000C86DB}
	EndProjectSection
EndProject
Project("{8BC9CEB8-8B4A-11D0-8D11-00A0C91BC942}") = "axis2_tcp_sender", "axis2_tcp_sender\axis2_tcp_sender.vcproj", "{830B97B8-D216-45B9-A0CC-6D5828AFD634}"
	ProjectSection(ProjectDependencies) = postProject
		{3887B3E3-1A45-40E5-BC95-9C51000C86DB} = {3887B3E3-1A45-40E5-BC95-9C51000C86DB}
		{9524B8C5-79D9-4470-9A47-8BD163ABBB15} = {9524B8C5-79D9-4470-9A47-8BD163ABBB15}
		{D7D7FBA1-5E43-4586-8F69-D4ED2628D2D8} = {D7D7FBA1-5E43-4586-8F69-D4ED2628D2D8}
		{7C816A64-FA96-4C6C-8DB0-5256441F54BC} = {7C816A64-FA96-4C6C-8DB0-5256441F54BC}
		{20643536-7BF0-4201-9EA6-039E6CF19ADB} = {20643536-7BF0-4201-9EA6-039E6CF19ADB}
	EndProjectSection
EndProject
Project("{8BC9CEB8-8B4A-11D0-8D11-00A0C91BC942}") = "axis2_tcp_receiver", "axis2_tcp_receiver\axis2_tcp_receiver.vcproj", "{8C8F2D61-0C61-4E90-9CA2-E0C795725DF7}"
	ProjectSection(ProjectDependencies) = postProject
		{3887B3E3-1A45-40E5-BC95-9C51000C86DB} = {3887B3E3-1A45-40E5-BC95-9C51000C86DB}
		{9524B8C5-79D9-4470-9A47-8BD163ABBB15} = {9524B8C5-79D9-4470-9A47-8BD163ABBB15}
		{D7D7FBA1-5E43-4586-8F69-D4ED2628D2D8} = {D7D7FBA1-5E43-4586-8F69-D4ED2628D2D8}
		{7C816A64-FA96-4C6C-8DB0-5256441F54BC} = {7C816A64-FA96-4C6C-8DB0-5256441F54BC}
		{20643536-7BF0-4201-9EA6-039E6CF19ADB} = {20643536-7BF0-4201-9EA6-039E6CF19ADB}
	EndProjectSection
EndProject
Project("{8BC9CEB8-8B4A-11D0-8D11-00A0C91BC942}") = "axis2_tcp_server", "axis2_tcp_server\axis2_tcp_server.vcproj", "{32ECB83C-42CA-4F36-B15B-B3DCD08F041F}"
	ProjectSection(ProjectDependencies) = postProject
		{3887B3E3-1A45-40E5-BC95-9C51000C86DB} = {3887B3E3-1A45-40E5-BC95-9C51000C86DB}
		{9524B8C5-79D9-4470-9A47-8BD163ABBB15} = {9524B8C5-79D9-4470-9A47-8BD163ABBB15}
		{830B97B8-D216-45B9-A0CC-6D5828AFD634} = {830B97B8-D216-45B9-A0CC-6D5828AFD634}
		{D7D7FBA1-5E43-4586-8F69-D4ED2628D2D8} = {D7D7FBA1-5E43-4586-8F69-D4ED2628D2D8}
		{9441F689-6ED3-4FF8-9B13-2E80E391DF39} = {9441F689-6ED3-4FF8-9B13-2E80E391DF39}
		{0DEEAA74-F06D-4C60-B408-1B875B4FB338} = {0DEEAA74-F06D-4C60-B408-1B875B4FB338}
		{7C816A64-FA96-4C6C-8DB0-5256441F54BC} = {7C816A64-FA96-4C6C-8DB0-5256441F54BC}
		{D2975362-DEAA-41BF-AE5E-E6FCDB526726} = {D2975362-DEAA-41BF-AE5E-E6FCDB526726}
		{8C8F2D61-0C61-4E90-9CA2-E0C795725DF7} = {8C8F2D61-0C61-4E90-9CA2-E0C795725DF7}
		{20643536-7BF0-4201-9EA6-039E6CF19ADB} = {20643536-7BF0-4201-9EA6-039E6CF19ADB}
		{7332F525-8C77-4FB3-A0C0-FCEB2382F03C} = {7332F525-8C77-4FB3-A0C0-FCEB2382F03C}
	EndProjectSection
EndProject
Project("{8BC9CEB8-8B4A-11D0-8D11-00A0C91BC942}") = "mod_axis2", "mod_axis2\mod_axis2.vcproj", "{9CA2AEC7-8781-4B5E-B2A2-C143ABF5E818}"
EndProject
Project("{8BC9CEB8-8B4A-11D0-8D11-00A0C91BC942}") = "mod_axis2_IIS", "mod_axis2_IIS\mod_axis2_IIS.vcproj", "{1D949369-9C4B-4C59-9F2A-278FD8CE0D41}"
EndProject
Project("{8BC9CEB8-8B4A-11D0-8D11-00A0C91BC942}") = "tcpmon", "tcpmon\tcpmon.vcproj", "{56180647-96CF-4415-B3FB-34E41CEAD595}"
EndProject
Project("{8BC9CEB8-8B4A-11D0-8D11-00A0C91BC942}") = "guththila", "guththila\guththila.vcproj", "{81FDD803-8611-4EB4-AB0E-85F498061A2D}"
EndProject
Project("{8BC9CEB8-8B4A-11D0-8D11-00A0C91BC942}") = "axis2_parser_guththila", "axis2_parser_guththila\axis2_parser_guththila.vcproj", "{DC69D297-3B3B-4FA2-A799-51F040708857}"
EndProject
Project("{8BC9CEB8-8B4A-11D0-8D11-00A0C91BC942}") = "axis2_mod_log", "axis2_mod_log\axis2_mod_log.vcproj", "{423F7156-84C4-43C1-855A-D0FEE24DB0A0}"
EndProject
Project("{2150E333-8FDC-42A3-9474-1A3956D46DE8}") = "clients", "clients", "{37581370-F613-4C0E-BEF1-3BB7540DFFD1}"
EndProject
Project("{2150E333-8FDC-42A3-9474-1A3956D46DE8}") = "services", "services", "{75835D86-0BB4-4DEC-AB3B-62329D7DF3CE}"
EndProject
Project("{8BC9CEB8-8B4A-11D0-8D11-00A0C91BC942}") = "echo", "services\echo\echo.vcproj", "{0469C145-5B1A-4677-B0C2-0981EB6C0567}"
EndProject
Project("{8BC9CEB8-8B4A-11D0-8D11-00A0C91BC942}") = "Calculator", "services\Calculator\Calculator.vcproj", "{1917F167-8C7F-4920-934D-BDAA2E6DC024}"
EndProject
Project("{8BC9CEB8-8B4A-11D0-8D11-00A0C91BC942}") = "math", "services\math\math.vcproj", "{8209506A-634F-4239-82D0-3EC9105FEBA4}"
EndProject
Project("{8BC9CEB8-8B4A-11D0-8D11-00A0C91BC942}") = "mtom", "services\mtom\mtom.vcproj", "{C8BDF683-7F8E-4526-9193-836DD90714CC}"
EndProject
Project("{8BC9CEB8-8B4A-11D0-8D11-00A0C91BC942}") = "notify", "services\notify\notify.vcproj", "{23D5F8E4-F554-451F-B97D-F0CD82272229}"
EndProject
Project("{8BC9CEB8-8B4A-11D0-8D11-00A0C91BC942}") = "echo_blocking", "clients\echo_blocking\echo_blocking.vcproj", "{76F139F5-913A-4328-8504-B1E9B7F1BA97}"
EndProject
Project("{8BC9CEB8-8B4A-11D0-8D11-00A0C91BC942}") = "echo_blocking_addr", "clients\echo_blocking_addr\echo_blocking_addr.vcproj", "{DDBF66ED-91FA-48ED-B23D-437473C52C0A}"
EndProject
Project("{8BC9CEB8-8B4A-11D0-8D11-00A0C91BC942}") = "echo_blocking_auth", "clients\echo_blocking_auth\echo_blocking_auth.vcproj", "{0CCC1F34-5CD7-47EB-8DE7-50F59BD6182B}"
EndProject
Project("{8BC9CEB8-8B4A-11D0-8D11-00A0C91BC942}") = "echo_blocking_dual", "clients\echo_blocking_dual\echo_blocking_dual.vcproj", "{584804F3-344F-4850-899C-85E1998694F8}"
EndProject
Project("{8BC9CEB8-8B4A-11D0-8D11-00A0C91BC942}") = "echo_non_blocking", "clients\echo_non_blocking\echo_non_blocking.vcproj", "{62DB83C4-A2FA-45AF-B2F2-A737443AD473}"
EndProject
Project("{8BC9CEB8-8B4A-11D0-8D11-00A0C91BC942}") = "echo_non_blocking_dual", "clients\echo_non_blocking_dual\echo_non_blocking_dual.vcproj", "{9C1140F6-1846-4335-B571-83E2C9FF6E02}"
EndProject
Project("{8BC9CEB8-8B4A-11D0-8D11-00A0C91BC942}") = "echo_rest", "clients\echo_rest\echo_rest.vcproj", "{84518230-9F6F-4B1E-B4B4-9F78D27355AC}"
EndProject
Project("{8BC9CEB8-8B4A-11D0-8D11-00A0C91BC942}") = "google", "clients\google\google.vcproj", "{607FAED5-B750-44D2-A817-0FDF4F77744C}"
EndProject
Project("{8BC9CEB8-8B4A-11D0-8D11-00A0C91BC942}") = "math", "clients\math\math.vcproj", "{9121BA33-CE71-4775-AD78-1114696BFEC8}"
EndProject
Project("{8BC9CEB8-8B4A-11D0-8D11-00A0C91BC942}") = "mtom", "clients\mtom\mtom.vcproj", "{9EA3CB05-003C-410C-A4F2-B0DB7F01645D}"
EndProject
Project("{8BC9CEB8-8B4A-11D0-8D11-00A0C91BC942}") = "notify", "clients\notify\notify.vcproj", "{1EFD2CA7-86AF-4F66-9930-978D5A881949}"
EndProject
Project("{8BC9CEB8-8B4A-11D0-8D11-00A0C91BC942}") = "yahoo", "clients\yahoo\yahoo.vcproj", "{9B7A5827-9F06-4B7F-B8E3-233E9350C258}"
EndProject
Project("{8BC9CEB8-8B4A-11D0-8D11-00A0C91BC942}") = "echo", "clients\echo\echo.vcproj", "{57414A3E-782C-4472-9EEE-981EF0649258}"
EndProject
Project("{8BC9CEB8-8B4A-11D0-8D11-00A0C91BC942}") = "axis2_xpath", "axis2_xpath\axis2_xpath.vcproj", "{CAF3AED6-3900-4E8B-B21E-68022B955260}"
	ProjectSection(ProjectDependencies) = postProject
		{3887B3E3-1A45-40E5-BC95-9C51000C86DB} = {3887B3E3-1A45-40E5-BC95-9C51000C86DB}
		{7C816A64-FA96-4C6C-8DB0-5256441F54BC} = {7C816A64-FA96-4C6C-8DB0-5256441F54BC}
	EndProjectSection
EndProject
Global
	GlobalSection(SolutionConfigurationPlatforms) = preSolution
		Debug|Win32 = Debug|Win32
		Release|Win32 = Release|Win32
	EndGlobalSection
	GlobalSection(ProjectConfigurationPlatforms) = postSolution
		{D7D7FBA1-5E43-4586-8F69-D4ED2628D2D8}.Debug|Win32.ActiveCfg = Debug|Win32
		{D7D7FBA1-5E43-4586-8F69-D4ED2628D2D8}.Release|Win32.ActiveCfg = Release|Win32
		{D7D7FBA1-5E43-4586-8F69-D4ED2628D2D8}.Release|Win32.Build.0 = Release|Win32
		{7C816A64-FA96-4C6C-8DB0-5256441F54BC}.Debug|Win32.ActiveCfg = Debug|Win32
		{7C816A64-FA96-4C6C-8DB0-5256441F54BC}.Debug|Win32.Build.0 = Debug|Win32
		{7C816A64-FA96-4C6C-8DB0-5256441F54BC}.Release|Win32.ActiveCfg = Release|Win32
		{7C816A64-FA96-4C6C-8DB0-5256441F54BC}.Release|Win32.Build.0 = Release|Win32
		{9524B8C5-79D9-4470-9A47-8BD163ABBB15}.Debug|Win32.ActiveCfg = Debug|Win32
		{9524B8C5-79D9-4470-9A47-8BD163ABBB15}.Debug|Win32.Build.0 = Debug|Win32
		{9524B8C5-79D9-4470-9A47-8BD163ABBB15}.Release|Win32.ActiveCfg = Release|Win32
		{9524B8C5-79D9-4470-9A47-8BD163ABBB15}.Release|Win32.Build.0 = Release|Win32
		{D2975362-DEAA-41BF-AE5E-E6FCDB526726}.Debug|Win32.ActiveCfg = Debug|Win32
		{D2975362-DEAA-41BF-AE5E-E6FCDB526726}.Debug|Win32.Build.0 = Debug|Win32
		{D2975362-DEAA-41BF-AE5E-E6FCDB526726}.Release|Win32.ActiveCfg = Release|Win32
		{D2975362-DEAA-41BF-AE5E-E6FCDB526726}.Release|Win32.Build.0 = Release|Win32
		{0DEEAA74-F06D-4C60-B408-1B875B4FB338}.Debug|Win32.ActiveCfg = Debug|Win32
		{0DEEAA74-F06D-4C60-B408-1B875B4FB338}.Debug|Win32.Build.0 = Debug|Win32
		{0DEEAA74-F06D-4C60-B408-1B875B4FB338}.Release|Win32.ActiveCfg = Release|Win32
		{0DEEAA74-F06D-4C60-B408-1B875B4FB338}.Release|Win32.Build.0 = Release|Win32
		{7332F525-8C77-4FB3-A0C0-FCEB2382F03C}.Debug|Win32.ActiveCfg = Debug|Win32
		{7332F525-8C77-4FB3-A0C0-FCEB2382F03C}.Debug|Win32.Build.0 = Debug|Win32
		{7332F525-8C77-4FB3-A0C0-FCEB2382F03C}.Release|Win32.ActiveCfg = Release|Win32
		{7332F525-8C77-4FB3-A0C0-FCEB2382F03C}.Release|Win32.Build.0 = Release|Win32
		{9441F689-6ED3-4FF8-9B13-2E80E391DF39}.Debug|Win32.ActiveCfg = Debug|Win32
		{9441F689-6ED3-4FF8-9B13-2E80E391DF39}.Debug|Win32.Build.0 = Debug|Win32
		{9441F689-6ED3-4FF8-9B13-2E80E391DF39}.Release|Win32.ActiveCfg = Release|Win32
		{9441F689-6ED3-4FF8-9B13-2E80E391DF39}.Release|Win32.Build.0 = Release|Win32
		{3887B3E3-1A45-40E5-BC95-9C51000C86DB}.Debug|Win32.ActiveCfg = Debug|Win32
		{3887B3E3-1A45-40E5-BC95-9C51000C86DB}.Debug|Win32.Build.0 = Debug|Win32
		{3887B3E3-1A45-40E5-BC95-9C51000C86DB}.Release|Win32.ActiveCfg = Release|Win32
		{3887B3E3-1A45-40E5-BC95-9C51000C86DB}.Release|Win32.Build.0 = Release|Win32
		{20643536-7BF0-4201-9EA6-039E6CF19ADB}.Debug|Win32.ActiveCfg = Debug|Win32
		{20643536-7BF0-4201-9EA6-039E6CF19ADB}.Debug|Win32.Build.0 = Debug|Win32
		{20643536-7BF0-4201-9EA6-039E6CF19ADB}.Release|Win32.ActiveCfg = Release|Win32
		{20643536-7BF0-4201-9EA6-039E6CF19ADB}.Release|Win32.Build.0 = Release|Win32
		{830B97B8-D216-45B9-A0CC-6D5828AFD634}.Debug|Win32.ActiveCfg = Debug|Win32
		{830B97B8-D216-45B9-A0CC-6D5828AFD634}.Debug|Win32.Build.0 = Debug|Win32
		{830B97B8-D216-45B9-A0CC-6D5828AFD634}.Release|Win32.ActiveCfg = Release|Win32
		{830B97B8-D216-45B9-A0CC-6D5828AFD634}.Release|Win32.Build.0 = Release|Win32
		{8C8F2D61-0C61-4E90-9CA2-E0C795725DF7}.Debug|Win32.ActiveCfg = Debug|Win32
		{8C8F2D61-0C61-4E90-9CA2-E0C795725DF7}.Debug|Win32.Build.0 = Debug|Win32
		{8C8F2D61-0C61-4E90-9CA2-E0C795725DF7}.Release|Win32.ActiveCfg = Release|Win32
		{8C8F2D61-0C61-4E90-9CA2-E0C795725DF7}.Release|Win32.Build.0 = Release|Win32
		{32ECB83C-42CA-4F36-B15B-B3DCD08F041F}.Debug|Win32.ActiveCfg = Debug|Win32
		{32ECB83C-42CA-4F36-B15B-B3DCD08F041F}.Debug|Win32.Build.0 = Debug|Win32
		{32ECB83C-42CA-4F36-B15B-B3DCD08F041F}.Release|Win32.ActiveCfg = Release|Win32
		{32ECB83C-42CA-4F36-B15B-B3DCD08F041F}.Release|Win32.Build.0 = Release|Win32
		{9CA2AEC7-8781-4B5E-B2A2-C143ABF5E818}.Debug|Win32.ActiveCfg = Debug|Win32
		{9CA2AEC7-8781-4B5E-B2A2-C143ABF5E818}.Debug|Win32.Build.0 = Debug|Win32
		{9CA2AEC7-8781-4B5E-B2A2-C143ABF5E818}.Release|Win32.ActiveCfg = Release|Win32
		{9CA2AEC7-8781-4B5E-B2A2-C143ABF5E818}.Release|Win32.Build.0 = Release|Win32
		{1D949369-9C4B-4C59-9F2A-278FD8CE0D41}.Debug|Win32.ActiveCfg = Debug|Win32
		{1D949369-9C4B-4C59-9F2A-278FD8CE0D41}.Debug|Win32.Build.0 = Debug|Win32
		{1D949369-9C4B-4C59-9F2A-278FD8CE0D41}.Release|Win32.ActiveCfg = Release|Win32
		{1D949369-9C4B-4C59-9F2A-278FD8CE0D41}.Release|Win32.Build.0 = Release|Win32
		{56180647-96CF-4415-B3FB-34E41CEAD595}.Debug|Win32.ActiveCfg = Debug|Win32
		{56180647-96CF-4415-B3FB-34E41CEAD595}.Debug|Win32.Build.0 = Debug|Win32
		{56180647-96CF-4415-B3FB-34E41CEAD595}.Release|Win32.ActiveCfg = Release|Win32
		{56180647-96CF-4415-B3FB-34E41CEAD595}.Release|Win32.Build.0 = Release|Win32
		{81FDD803-8611-4EB4-AB0E-85F498061A2D}.Debug|Win32.ActiveCfg = Debug|Win32
		{81FDD803-8611-4EB4-AB0E-85F498061A2D}.Debug|Win32.Build.0 = Debug|Win32
		{81FDD803-8611-4EB4-AB0E-85F498061A2D}.Release|Win32.ActiveCfg = Release|Win32
		{81FDD803-8611-4EB4-AB0E-85F498061A2D}.Release|Win32.Build.0 = Release|Win32
		{DC69D297-3B3B-4FA2-A799-51F040708857}.Debug|Win32.ActiveCfg = Debug|Win32
		{DC69D297-3B3B-4FA2-A799-51F040708857}.Debug|Win32.Build.0 = Debug|Win32
		{DC69D297-3B3B-4FA2-A799-51F040708857}.Release|Win32.ActiveCfg = Release|Win32
		{DC69D297-3B3B-4FA2-A799-51F040708857}.Release|Win32.Build.0 = Release|Win32
		{423F7156-84C4-43C1-855A-D0FEE24DB0A0}.Debug|Win32.ActiveCfg = Debug|Win32
		{423F7156-84C4-43C1-855A-D0FEE24DB0A0}.Debug|Win32.Build.0 = Debug|Win32
		{423F7156-84C4-43C1-855A-D0FEE24DB0A0}.Release|Win32.ActiveCfg = Release|Win32
		{423F7156-84C4-43C1-855A-D0FEE24DB0A0}.Release|Win32.Build.0 = Release|Win32
		{0469C145-5B1A-4677-B0C2-0981EB6C0567}.Debug|Win32.ActiveCfg = Debug|Win32
		{0469C145-5B1A-4677-B0C2-0981EB6C0567}.Debug|Win32.Build.0 = Debug|Win32
		{0469C145-5B1A-4677-B0C2-0981EB6C0567}.Release|Win32.ActiveCfg = Release|Win32
		{0469C145-5B1A-4677-B0C2-0981EB6C0567}.Release|Win32.Build.0 = Release|Win32
		{1917F167-8C7F-4920-934D-BDAA2E6DC024}.Debug|Win32.ActiveCfg = Debug|Win32
		{1917F167-8C7F-4920-934D-BDAA2E6DC024}.Debug|Win32.Build.0 = Debug|Win32
		{1917F167-8C7F-4920-934D-BDAA2E6DC024}.Release|Win32.ActiveCfg = Release|Win32
		{1917F167-8C7F-4920-934D-BDAA2E6DC024}.Release|Win32.Build.0 = Release|Win32
		{8209506A-634F-4239-82D0-3EC9105FEBA4}.Debug|Win32.ActiveCfg = Debug|Win32
		{8209506A-634F-4239-82D0-3EC9105FEBA4}.Debug|Win32.Build.0 = Debug|Win32
		{8209506A-634F-4239-82D0-3EC9105FEBA4}.Release|Win32.ActiveCfg = Release|Win32
		{8209506A-634F-4239-82D0-3EC9105FEBA4}.Release|Win32.Build.0 = Release|Win32
		{C8BDF683-7F8E-4526-9193-836DD90714CC}.Debug|Win32.ActiveCfg = Debug|Win32
		{C8BDF683-7F8E-4526-9193-836DD90714CC}.Debug|Win32.Build.0 = Debug|Win32
		{C8BDF683-7F8E-4526-9193-836DD90714CC}.Release|Win32.ActiveCfg = Release|Win32
		{C8BDF683-7F8E-4526-9193-836DD90714CC}.Release|Win32.Build.0 = Release|Win32
		{23D5F8E4-F554-451F-B97D-F0CD82272229}.Debug|Win32.ActiveCfg = Debug|Win32
		{23D5F8E4-F554-451F-B97D-F0CD82272229}.Debug|Win32.Build.0 = Debug|Win32
		{23D5F8E4-F554-451F-B97D-F0CD82272229}.Release|Win32.ActiveCfg = Release|Win32
		{23D5F8E4-F554-451F-B97D-F0CD82272229}.Release|Win32.Build.0 = Release|Win32
		{76F139F5-913A-4328-8504-B1E9B7F1BA97}.Debug|Win32.ActiveCfg = Debug|Win32
		{76F139F5-913A-4328-8504-B1E9B7F1BA97}.Debug|Win32.Build.0 = Debug|Win32
		{76F139F5-913A-4328-8504-B1E9B7F1BA97}.Release|Win32.ActiveCfg = Release|Win32
		{76F139F5-913A-4328-8504-B1E9B7F1BA97}.Release|Win32.Build.0 = Release|Win32
		{DDBF66ED-91FA-48ED-B23D-437473C52C0A}.Debug|Win32.ActiveCfg = Debug|Win32
		{DDBF66ED-91FA-48ED-B23D-437473C52C0A}.Debug|Win32.Build.0 = Debug|Win32
		{DDBF66ED-91FA-48ED-B23D-437473C52C0A}.Release|Win32.ActiveCfg = Release|Win32
		{DDBF66ED-91FA-48ED-B23D-437473C52C0A}.Release|Win32.Build.0 = Release|Win32
		{0CCC1F34-5CD7-47EB-8DE7-50F59BD6182B}.Debug|Win32.ActiveCfg = Debug|Win32
		{0CCC1F34-5CD7-47EB-8DE7-50F59BD6182B}.Debug|Win32.Build.0 = Debug|Win32
		{0CCC1F34-5CD7-47EB-8DE7-50F59BD6182B}.Release|Win32.ActiveCfg = Release|Win32
		{0CCC1F34-5CD7-47EB-8DE7-50F59BD6182B}.Release|Win32.Build.0 = Release|Win32
		{584804F3-344F-4850-899C-85E1998694F8}.Debug|Win32.ActiveCfg = Debug|Win32
		{584804F3-344F-4850-899C-85E1998694F8}.Debug|Win32.Build.0 = Debug|Win32
		{584804F3-344F-4850-899C-85E1998694F8}.Release|Win32.ActiveCfg = Release|Win32
		{584804F3-344F-4850-899C-85E1998694F8}.Release|Win32.Build.0 = Release|Win32
		{62DB83C4-A2FA-45AF-B2F2-A737443AD473}.Debug|Win32.ActiveCfg = Debug|Win32
		{62DB83C4-A2FA-45AF-B2F2-A737443AD473}.Debug|Win32.Build.0 = Debug|Win32
		{62DB83C4-A2FA-45AF-B2F2-A737443AD473}.Release|Win32.ActiveCfg = Release|Win32
		{62DB83C4-A2FA-45AF-B2F2-A737443AD473}.Release|Win32.Build.0 = Release|Win32
		{9C1140F6-1846-4335-B571-83E2C9FF6E02}.Debug|Win32.ActiveCfg = Debug|Win32
		{9C1140F6-1846-4335-B571-83E2C9FF6E02}.Debug|Win32.Build.0 = Debug|Win32
		{9C1140F6-1846-4335-B571-83E2C9FF6E02}.Release|Win32.ActiveCfg = Release|Win32
		{9C1140F6-1846-4335-B571-83E2C9FF6E02}.Release|Win32.Build.0 = Release|Win32
		{84518230-9F6F-4B1E-B4B4-9F78D27355AC}.Debug|Win32.ActiveCfg = Debug|Win32
		{84518230-9F6F-4B1E-B4B4-9F78D27355AC}.Debug|Win32.Build.0 = Debug|Win32
		{84518230-9F6F-4B1E-B4B4-9F78D27355AC}.Release|Win32.ActiveCfg = Release|Win32
		{84518230-9F6F-4B1E-B4B4-9F78D27355AC}.Release|Win32.Build.0 = Release|Win32
		{607FAED5-B750-44D2-A817-0FDF4F77744C}.Debug|Win32.ActiveCfg = Debug|Win32
		{607FAED5-B750-44D2-A817-0FDF4F77744C}.Debug|Win32.Build.0 = Debug|Win32
		{607FAED5-B750-44D2-A817-0FDF4F77744C}.Release|Win32.ActiveCfg = Release|Win32
		{607FAED5-B750-44D2-A817-0FDF4F77744C}.Release|Win32.Build.0 = Release|Win32
		{9121BA33-CE71-4775-AD78-1114696BFEC8}.Debug|Win32.ActiveCfg = Debug|Win32
		{9121BA33-CE71-4775-AD78-1114696BFEC8}.Debug|Win32.Build.0 = Debug|Win32
		{9121BA33-CE71-4775-AD78-1114696BFEC8}.Release|Win32.ActiveCfg = Release|Win32
		{9121BA33-CE71-4775-AD78-1114696BFEC8}.Release|Win32.Build.0 = Release|Win32
		{9EA3CB05-003C-410C-A4F2-B0DB7F01645D}.Debug|Win32.ActiveCfg = Debug|Win32
		{9EA3CB05-003C-410C-A4F2-B0DB7F01645D}.Debug|Win32.Build.0 = Debug|Win32
		{9EA3CB05-003C-410C-A4F2-B0DB7F01645D}.Release|Win32.ActiveCfg = Release|Win32
		{9EA3CB05-003C-410C-A4F2-B0DB7F01645D}.Release|Win32.Build.0 = Release|Win32
		{1EFD2CA7-86AF-4F66-9930-978D5A881949}.Debug|Win32.ActiveCfg = Debug|Win32
		{1EFD2CA7-86AF-4F66-9930-978D5A881949}.Debug|Win32.Build.0 = Debug|Win32
		{1EFD2CA7-86AF-4F66-9930-978D5A881949}.Release|Win32.ActiveCfg = Release|Win32
		{1EFD2CA7-86AF-4F66-9930-978D5A881949}.Release|Win32.Build.0 = Release|Win32
		{9B7A5827-9F06-4B7F-B8E3-233E9350C258}.Debug|Win32.ActiveCfg = Debug|Win32
		{9B7A5827-9F06-4B7F-B8E3-233E9350C258}.Debug|Win32.Build.0 = Debug|Win32
		{9B7A5827-9F06-4B7F-B8E3-233E9350C258}.Release|Win32.ActiveCfg = Release|Win32
		{9B7A5827-9F06-4B7F-B8E3-233E9350C258}.Release|Win32.Build.0 = Release|Win32
		{57414A3E-782C-4472-9EEE-981EF0649258}.Debug|Win32.ActiveCfg = Debug|Win32
		{57414A3E-782C-4472-9EEE-981EF0649258}.Debug|Win32.Build.0 = Debug|Win32
		{57414A3E-782C-4472-9EEE-981EF0649258}.Release|Win32.ActiveCfg = Release|Win32
		{57414A3E-782C-4472-9EEE-981EF0649258}.Release|Win32.Build.0 = Release|Win32
		{CAF3AED6-3900-4E8B-B21E-68022B955260}.Debug|Win32.ActiveCfg = Debug|Win32
		{CAF3AED6-3900-4E8B-B21E-68022B955260}.Debug|Win32.Build.0 = Debug|Win32
		{CAF3AED6-3900-4E8B-B21E-68022B955260}.Release|Win32.ActiveCfg = Release|Win32
		{CAF3AED6-3900-4E8B-B21E-68022B955260}.Release|Win32.Build.0 = Release|Win32
	EndGlobalSection
	GlobalSection(SolutionProperties) = preSolution
		HideSolutionNode = FALSE
	EndGlobalSection
	GlobalSection(NestedProjects) = preSolution
		{76F139F5-913A-4328-8504-B1E9B7F1BA97} = {37581370-F613-4C0E-BEF1-3BB7540DFFD1}
		{DDBF66ED-91FA-48ED-B23D-437473C52C0A} = {37581370-F613-4C0E-BEF1-3BB7540DFFD1}
		{0CCC1F34-5CD7-47EB-8DE7-50F59BD6182B} = {37581370-F613-4C0E-BEF1-3BB7540DFFD1}
		{584804F3-344F-4850-899C-85E1998694F8} = {37581370-F613-4C0E-BEF1-3BB7540DFFD1}
		{62DB83C4-A2FA-45AF-B2F2-A737443AD473} = {37581370-F613-4C0E-BEF1-3BB7540DFFD1}
		{9C1140F6-1846-4335-B571-83E2C9FF6E02} = {37581370-F613-4C0E-BEF1-3BB7540DFFD1}
		{84518230-9F6F-4B1E-B4B4-9F78D27355AC} = {37581370-F613-4C0E-BEF1-3BB7540DFFD1}
		{607FAED5-B750-44D2-A817-0FDF4F77744C} = {37581370-F613-4C0E-BEF1-3BB7540DFFD1}
		{9121BA33-CE71-4775-AD78-1114696BFEC8} = {37581370-F613-4C0E-BEF1-3BB7540DFFD1}
		{9EA3CB05-003C-410C-A4F2-B0DB7F01645D} = {37581370-F613-4C0E-BEF1-3BB7540DFFD1}
		{1EFD2CA7-86AF-4F66-9930-978D5A881949} = {37581370-F613-4C0E-BEF1-3BB7540DFFD1}
		{9B7A5827-9F06-4B7F-B8E3-233E9350C258} = {37581370-F613-4C0E-BEF1-3BB7540DFFD1}
		{57414A3E-782C-4472-9EEE-981EF0649258} = {37581370-F613-4C0E-BEF1-3BB7540DFFD1}
		{0469C145-5B1A-4677-B0C2-0981EB6C0567} = {75835D86-0BB4-4DEC-AB3B-62329D7DF3CE}
		{1917F167-8C7F-4920-934D-BDAA2E6DC024} = {75835D86-0BB4-4DEC-AB3B-62329D7DF3CE}
		{8209506A-634F-4239-82D0-3EC9105FEBA4} = {75835D86-0BB4-4DEC-AB3B-62329D7DF3CE}
		{C8BDF683-7F8E-4526-9193-836DD90714CC} = {75835D86-0BB4-4DEC-AB3B-62329D7DF3CE}
		{23D5F8E4-F554-451F-B97D-F0CD82272229} = {75835D86-0BB4-4DEC-AB3B-62329D7DF3CE}
	EndGlobalSection
EndGlobal
